// !$*UTF8*$!
{
	archiveVersion = 1;
	classes = {
	};
	objectVersion = 50;
	objects = {

/* Begin PBXBuildFile section */
		1ABDF1488309BA0B1055ED51 /* Pods_AlbumTrackList.framework in Frameworks */ = {isa = PBXBuildFile; fileRef = 0C1225C7BD54B1A93EB10CF9 /* Pods_AlbumTrackList.framework */; };
		5C0AA69222BD700C00BF59E8 /* AppDelegate.swift in Sources */ = {isa = PBXBuildFile; fileRef = 5C0AA69122BD700C00BF59E8 /* AppDelegate.swift */; };
		5C0AA69422BD700C00BF59E8 /* HomeViewController.swift in Sources */ = {isa = PBXBuildFile; fileRef = 5C0AA69322BD700C00BF59E8 /* HomeViewController.swift */; };
		5C0AA69722BD700C00BF59E8 /* Main.storyboard in Resources */ = {isa = PBXBuildFile; fileRef = 5C0AA69522BD700C00BF59E8 /* Main.storyboard */; };
		5C0AA69A22BD700C00BF59E8 /* AlbumTrackList.xcdatamodeld in Sources */ = {isa = PBXBuildFile; fileRef = 5C0AA69822BD700C00BF59E8 /* AlbumTrackList.xcdatamodeld */; };
		5C0AA69C22BD700D00BF59E8 /* Assets.xcassets in Resources */ = {isa = PBXBuildFile; fileRef = 5C0AA69B22BD700D00BF59E8 /* Assets.xcassets */; };
		5C0AA69F22BD700D00BF59E8 /* LaunchScreen.storyboard in Resources */ = {isa = PBXBuildFile; fileRef = 5C0AA69D22BD700D00BF59E8 /* LaunchScreen.storyboard */; };
		5C0AA6AD22BE479D00BF59E8 /* HomeViewModel.swift in Sources */ = {isa = PBXBuildFile; fileRef = 5C0AA6AC22BE479D00BF59E8 /* HomeViewModel.swift */; };
		5C0AA6AF22BE47FF00BF59E8 /* Album.swift in Sources */ = {isa = PBXBuildFile; fileRef = 5C0AA6AE22BE47FF00BF59E8 /* Album.swift */; };
		5C0AA6B122BE490C00BF59E8 /* Track.swift in Sources */ = {isa = PBXBuildFile; fileRef = 5C0AA6B022BE490C00BF59E8 /* Track.swift */; };
/* End PBXBuildFile section */

/* Begin PBXFileReference section */
		0C1225C7BD54B1A93EB10CF9 /* Pods_AlbumTrackList.framework */ = {isa = PBXFileReference; explicitFileType = wrapper.framework; includeInIndex = 0; path = Pods_AlbumTrackList.framework; sourceTree = BUILT_PRODUCTS_DIR; };
		58782B8263C7EF5A786B7152 /* Pods-AlbumTrackList.debug.xcconfig */ = {isa = PBXFileReference; includeInIndex = 1; lastKnownFileType = text.xcconfig; name = "Pods-AlbumTrackList.debug.xcconfig"; path = "Target Support Files/Pods-AlbumTrackList/Pods-AlbumTrackList.debug.xcconfig"; sourceTree = "<group>"; };
		5C0AA68E22BD700C00BF59E8 /* AlbumTrackList.app */ = {isa = PBXFileReference; explicitFileType = wrapper.application; includeInIndex = 0; path = AlbumTrackList.app; sourceTree = BUILT_PRODUCTS_DIR; };
		5C0AA69122BD700C00BF59E8 /* AppDelegate.swift */ = {isa = PBXFileReference; lastKnownFileType = sourcecode.swift; path = AppDelegate.swift; sourceTree = "<group>"; };
		5C0AA69322BD700C00BF59E8 /* HomeViewController.swift */ = {isa = PBXFileReference; lastKnownFileType = sourcecode.swift; path = HomeViewController.swift; sourceTree = "<group>"; };
		5C0AA69622BD700C00BF59E8 /* Base */ = {isa = PBXFileReference; lastKnownFileType = file.storyboard; name = Base; path = Base.lproj/Main.storyboard; sourceTree = "<group>"; };
		5C0AA69922BD700C00BF59E8 /* AlbumTrackList.xcdatamodel */ = {isa = PBXFileReference; lastKnownFileType = wrapper.xcdatamodel; path = AlbumTrackList.xcdatamodel; sourceTree = "<group>"; };
		5C0AA69B22BD700D00BF59E8 /* Assets.xcassets */ = {isa = PBXFileReference; lastKnownFileType = folder.assetcatalog; path = Assets.xcassets; sourceTree = "<group>"; };
		5C0AA69E22BD700D00BF59E8 /* Base */ = {isa = PBXFileReference; lastKnownFileType = file.storyboard; name = Base; path = Base.lproj/LaunchScreen.storyboard; sourceTree = "<group>"; };
		5C0AA6A022BD700D00BF59E8 /* Info.plist */ = {isa = PBXFileReference; lastKnownFileType = text.plist.xml; path = Info.plist; sourceTree = "<group>"; };
		5C0AA6AC22BE479D00BF59E8 /* HomeViewModel.swift */ = {isa = PBXFileReference; lastKnownFileType = sourcecode.swift; path = HomeViewModel.swift; sourceTree = "<group>"; };
		5C0AA6AE22BE47FF00BF59E8 /* Album.swift */ = {isa = PBXFileReference; lastKnownFileType = sourcecode.swift; path = Album.swift; sourceTree = "<group>"; };
		5C0AA6B022BE490C00BF59E8 /* Track.swift */ = {isa = PBXFileReference; lastKnownFileType = sourcecode.swift; path = Track.swift; sourceTree = "<group>"; };
		87A0760022BA06394B45A563 /* Pods-AlbumTrackList.release.xcconfig */ = {isa = PBXFileReference; includeInIndex = 1; lastKnownFileType = text.xcconfig; name = "Pods-AlbumTrackList.release.xcconfig"; path = "Target Support Files/Pods-AlbumTrackList/Pods-AlbumTrackList.release.xcconfig"; sourceTree = "<group>"; };
/* End PBXFileReference section */

/* Begin PBXFrameworksBuildPhase section */
		5C0AA68B22BD700C00BF59E8 /* Frameworks */ = {
			isa = PBXFrameworksBuildPhase;
			buildActionMask = 2147483647;
			files = (
				1ABDF1488309BA0B1055ED51 /* Pods_AlbumTrackList.framework in Frameworks */,
			);
			runOnlyForDeploymentPostprocessing = 0;
		};
/* End PBXFrameworksBuildPhase section */

/* Begin PBXGroup section */
		5C0AA68522BD700C00BF59E8 = {
			isa = PBXGroup;
			children = (
				5C0AA69022BD700C00BF59E8 /* AlbumTrackList */,
				5C0AA68F22BD700C00BF59E8 /* Products */,
				6166B9E36418344149DEAB1B /* Pods */,
				F151FA7C7287CC6872854668 /* Frameworks */,
			);
			sourceTree = "<group>";
		};
		5C0AA68F22BD700C00BF59E8 /* Products */ = {
			isa = PBXGroup;
			children = (
				5C0AA68E22BD700C00BF59E8 /* AlbumTrackList.app */,
			);
			name = Products;
			sourceTree = "<group>";
		};
		5C0AA69022BD700C00BF59E8 /* AlbumTrackList */ = {
			isa = PBXGroup;
			children = (
				5C0AA6A822BD722100BF59E8 /* Home */,
				5C0AA6A722BD721300BF59E8 /* App */,
				5C0AA6A622BD71DF00BF59E8 /* Resources */,
			);
			path = AlbumTrackList;
			sourceTree = "<group>";
		};
		5C0AA6A622BD71DF00BF59E8 /* Resources */ = {
			isa = PBXGroup;
			children = (
				5C0AA69522BD700C00BF59E8 /* Main.storyboard */,
				5C0AA69B22BD700D00BF59E8 /* Assets.xcassets */,
				5C0AA69D22BD700D00BF59E8 /* LaunchScreen.storyboard */,
				5C0AA6A022BD700D00BF59E8 /* Info.plist */,
				5C0AA69822BD700C00BF59E8 /* AlbumTrackList.xcdatamodeld */,
			);
			path = Resources;
			sourceTree = "<group>";
		};
		5C0AA6A722BD721300BF59E8 /* App */ = {
			isa = PBXGroup;
			children = (
				5C0AA69122BD700C00BF59E8 /* AppDelegate.swift */,
			);
			path = App;
			sourceTree = "<group>";
		};
		5C0AA6A822BD722100BF59E8 /* Home */ = {
			isa = PBXGroup;
			children = (
				5C0AA6AB22BE473A00BF59E8 /* Model */,
				5C0AA6AA22BE473100BF59E8 /* ViewModel */,
				5C0AA6A922BE472A00BF59E8 /* View */,
			);
			path = Home;
			sourceTree = "<group>";
		};
		5C0AA6A922BE472A00BF59E8 /* View */ = {
			isa = PBXGroup;
			children = (
				5C0AA69322BD700C00BF59E8 /* HomeViewController.swift */,
			);
			path = View;
			sourceTree = "<group>";
		};
		5C0AA6AA22BE473100BF59E8 /* ViewModel */ = {
			isa = PBXGroup;
			children = (
				5C0AA6AC22BE479D00BF59E8 /* HomeViewModel.swift */,
			);
			path = ViewModel;
			sourceTree = "<group>";
		};
		5C0AA6AB22BE473A00BF59E8 /* Model */ = {
			isa = PBXGroup;
			children = (
				5C0AA6AE22BE47FF00BF59E8 /* Album.swift */,
				5C0AA6B022BE490C00BF59E8 /* Track.swift */,
			);
			path = Model;
			sourceTree = "<group>";
		};
		6166B9E36418344149DEAB1B /* Pods */ = {
			isa = PBXGroup;
			children = (
				58782B8263C7EF5A786B7152 /* Pods-AlbumTrackList.debug.xcconfig */,
				87A0760022BA06394B45A563 /* Pods-AlbumTrackList.release.xcconfig */,
			);
			path = Pods;
			sourceTree = "<group>";
		};
		F151FA7C7287CC6872854668 /* Frameworks */ = {
			isa = PBXGroup;
			children = (
				0C1225C7BD54B1A93EB10CF9 /* Pods_AlbumTrackList.framework */,
			);
			name = Frameworks;
			sourceTree = "<group>";
		};
/* End PBXGroup section */

/* Begin PBXNativeTarget section */
		5C0AA68D22BD700C00BF59E8 /* AlbumTrackList */ = {
			isa = PBXNativeTarget;
			buildConfigurationList = 5C0AA6A322BD700D00BF59E8 /* Build configuration list for PBXNativeTarget "AlbumTrackList" */;
			buildPhases = (
				2416B79920D9F1716545B7B1 /* [CP] Check Pods Manifest.lock */,
				5C0AA68A22BD700C00BF59E8 /* Sources */,
				5C0AA68B22BD700C00BF59E8 /* Frameworks */,
				5C0AA68C22BD700C00BF59E8 /* Resources */,
				A562FCE30454A8F4796C63FB /* [CP] Embed Pods Frameworks */,
			);
			buildRules = (
			);
			dependencies = (
			);
			name = AlbumTrackList;
			productName = AlbumTrackList;
			productReference = 5C0AA68E22BD700C00BF59E8 /* AlbumTrackList.app */;
			productType = "com.apple.product-type.application";
		};
/* End PBXNativeTarget section */

/* Begin PBXProject section */
		5C0AA68622BD700C00BF59E8 /* Project object */ = {
			isa = PBXProject;
			attributes = {
				LastSwiftUpdateCheck = 1020;
				LastUpgradeCheck = 1020;
				ORGANIZATIONNAME = "Mustafa Ozhan";
				TargetAttributes = {
					5C0AA68D22BD700C00BF59E8 = {
						CreatedOnToolsVersion = 10.2.1;
					};
				};
			};
			buildConfigurationList = 5C0AA68922BD700C00BF59E8 /* Build configuration list for PBXProject "AlbumTrackList" */;
			compatibilityVersion = "Xcode 9.3";
			developmentRegion = en;
			hasScannedForEncodings = 0;
			knownRegions = (
				en,
				Base,
			);
			mainGroup = 5C0AA68522BD700C00BF59E8;
			productRefGroup = 5C0AA68F22BD700C00BF59E8 /* Products */;
			projectDirPath = "";
			projectRoot = "";
			targets = (
				5C0AA68D22BD700C00BF59E8 /* AlbumTrackList */,
			);
		};
/* End PBXProject section */

/* Begin PBXResourcesBuildPhase section */
		5C0AA68C22BD700C00BF59E8 /* Resources */ = {
			isa = PBXResourcesBuildPhase;
			buildActionMask = 2147483647;
			files = (
				5C0AA69F22BD700D00BF59E8 /* LaunchScreen.storyboard in Resources */,
				5C0AA69C22BD700D00BF59E8 /* Assets.xcassets in Resources */,
				5C0AA69722BD700C00BF59E8 /* Main.storyboard in Resources */,
			);
			runOnlyForDeploymentPostprocessing = 0;
		};
/* End PBXResourcesBuildPhase section */

/* Begin PBXShellScriptBuildPhase section */
		2416B79920D9F1716545B7B1 /* [CP] Check Pods Manifest.lock */ = {
			isa = PBXShellScriptBuildPhase;
			buildActionMask = 2147483647;
			files = (
			);
			inputFileListPaths = (
			);
			inputPaths = (
				"${PODS_PODFILE_DIR_PATH}/Podfile.lock",
				"${PODS_ROOT}/Manifest.lock",
			);
			name = "[CP] Check Pods Manifest.lock";
			outputFileListPaths = (
			);
			outputPaths = (
				"$(DERIVED_FILE_DIR)/Pods-AlbumTrackList-checkManifestLockResult.txt",
			);
			runOnlyForDeploymentPostprocessing = 0;
			shellPath = /bin/sh;
			shellScript = "diff \"${PODS_PODFILE_DIR_PATH}/Podfile.lock\" \"${PODS_ROOT}/Manifest.lock\" > /dev/null\nif [ $? != 0 ] ; then\n    # print error to STDERR\n    echo \"error: The sandbox is not in sync with the Podfile.lock. Run 'pod install' or update your CocoaPods installation.\" >&2\n    exit 1\nfi\n# This output is used by Xcode 'outputs' to avoid re-running this script phase.\necho \"SUCCESS\" > \"${SCRIPT_OUTPUT_FILE_0}\"\n";
			showEnvVarsInLog = 0;
		};
		A562FCE30454A8F4796C63FB /* [CP] Embed Pods Frameworks */ = {
			isa = PBXShellScriptBuildPhase;
			buildActionMask = 2147483647;
			files = (
			);
			inputFileListPaths = (
			);
			inputPaths = (
				"${PODS_ROOT}/Target Support Files/Pods-AlbumTrackList/Pods-AlbumTrackList-frameworks.sh",
				"${BUILT_PRODUCTS_DIR}/RxAtomic/RxAtomic.framework",
				"${BUILT_PRODUCTS_DIR}/RxCocoa/RxCocoa.framework",
				"${BUILT_PRODUCTS_DIR}/RxSwift/RxSwift.framework",
				"${BUILT_PRODUCTS_DIR}/SwiftyJSON/SwiftyJSON.framework",
			);
			name = "[CP] Embed Pods Frameworks";
			outputFileListPaths = (
			);
			outputPaths = (
				"${TARGET_BUILD_DIR}/${FRAMEWORKS_FOLDER_PATH}/RxAtomic.framework",
				"${TARGET_BUILD_DIR}/${FRAMEWORKS_FOLDER_PATH}/RxCocoa.framework",
				"${TARGET_BUILD_DIR}/${FRAMEWORKS_FOLDER_PATH}/RxSwift.framework",
				"${TARGET_BUILD_DIR}/${FRAMEWORKS_FOLDER_PATH}/SwiftyJSON.framework",
			);
			runOnlyForDeploymentPostprocessing = 0;
			shellPath = /bin/sh;
			shellScript = "\"${PODS_ROOT}/Target Support Files/Pods-AlbumTrackList/Pods-AlbumTrackList-frameworks.sh\"\n";
			showEnvVarsInLog = 0;
		};
/* End PBXShellScriptBuildPhase section */

/* Begin PBXSourcesBuildPhase section */
		5C0AA68A22BD700C00BF59E8 /* Sources */ = {
			isa = PBXSourcesBuildPhase;
			buildActionMask = 2147483647;
			files = (
				5C0AA69A22BD700C00BF59E8 /* AlbumTrackList.xcdatamodeld in Sources */,
				5C0AA69422BD700C00BF59E8 /* HomeViewController.swift in Sources */,
				5C0AA69222BD700C00BF59E8 /* AppDelegate.swift in Sources */,
				5C0AA6AD22BE479D00BF59E8 /* HomeViewModel.swift in Sources */,
				5C0AA6AF22BE47FF00BF59E8 /* Album.swift in Sources */,
				5C0AA6B122BE490C00BF59E8 /* Track.swift in Sources */,
			);
			runOnlyForDeploymentPostprocessing = 0;
		};
/* End PBXSourcesBuildPhase section */

/* Begin PBXVariantGroup section */
		5C0AA69522BD700C00BF59E8 /* Main.storyboard */ = {
			isa = PBXVariantGroup;
			children = (
				5C0AA69622BD700C00BF59E8 /* Base */,
			);
			name = Main.storyboard;
			sourceTree = "<group>";
		};
		5C0AA69D22BD700D00BF59E8 /* LaunchScreen.storyboard */ = {
			isa = PBXVariantGroup;
			children = (
				5C0AA69E22BD700D00BF59E8 /* Base */,
			);
			name = LaunchScreen.storyboard;
			sourceTree = "<group>";
		};
/* End PBXVariantGroup section */

/* Begin XCBuildConfiguration section */
		5C0AA6A122BD700D00BF59E8 /* Debug */ = {
			isa = XCBuildConfiguration;
			buildSettings = {
				ALWAYS_SEARCH_USER_PATHS = NO;
				CLANG_ANALYZER_NONNULL = YES;
				CLANG_ANALYZER_NUMBER_OBJECT_CONVERSION = YES_AGGRESSIVE;
				CLANG_CXX_LANGUAGE_STANDARD = "gnu++14";
				CLANG_CXX_LIBRARY = "libc++";
				CLANG_ENABLE_MODULES = YES;
				CLANG_ENABLE_OBJC_ARC = YES;
				CLANG_ENABLE_OBJC_WEAK = YES;
				CLANG_WARN_BLOCK_CAPTURE_AUTORELEASING = YES;
				CLANG_WARN_BOOL_CONVERSION = YES;
				CLANG_WARN_COMMA = YES;
				CLANG_WARN_CONSTANT_CONVERSION = YES;
				CLANG_WARN_DEPRECATED_OBJC_IMPLEMENTATIONS = YES;
				CLANG_WARN_DIRECT_OBJC_ISA_USAGE = YES_ERROR;
				CLANG_WARN_DOCUMENTATION_COMMENTS = YES;
				CLANG_WARN_EMPTY_BODY = YES;
				CLANG_WARN_ENUM_CONVERSION = YES;
				CLANG_WARN_INFINITE_RECURSION = YES;
				CLANG_WARN_INT_CONVERSION = YES;
				CLANG_WARN_NON_LITERAL_NULL_CONVERSION = YES;
				CLANG_WARN_OBJC_IMPLICIT_RETAIN_SELF = YES;
				CLANG_WARN_OBJC_LITERAL_CONVERSION = YES;
				CLANG_WARN_OBJC_ROOT_CLASS = YES_ERROR;
				CLANG_WARN_RANGE_LOOP_ANALYSIS = YES;
				CLANG_WARN_STRICT_PROTOTYPES = YES;
				CLANG_WARN_SUSPICIOUS_MOVE = YES;
				CLANG_WARN_UNGUARDED_AVAILABILITY = YES_AGGRESSIVE;
				CLANG_WARN_UNREACHABLE_CODE = YES;
				CLANG_WARN__DUPLICATE_METHOD_MATCH = YES;
				CODE_SIGN_IDENTITY = "iPhone Developer";
				COPY_PHASE_STRIP = NO;
				DEBUG_INFORMATION_FORMAT = dwarf;
				ENABLE_STRICT_OBJC_MSGSEND = YES;
				ENABLE_TESTABILITY = YES;
				GCC_C_LANGUAGE_STANDARD = gnu11;
				GCC_DYNAMIC_NO_PIC = NO;
				GCC_NO_COMMON_BLOCKS = YES;
				GCC_OPTIMIZATION_LEVEL = 0;
				GCC_PREPROCESSOR_DEFINITIONS = (
					"DEBUG=1",
					"$(inherited)",
				);
				GCC_WARN_64_TO_32_BIT_CONVERSION = YES;
				GCC_WARN_ABOUT_RETURN_TYPE = YES_ERROR;
				GCC_WARN_UNDECLARED_SELECTOR = YES;
				GCC_WARN_UNINITIALIZED_AUTOS = YES_AGGRESSIVE;
				GCC_WARN_UNUSED_FUNCTION = YES;
				GCC_WARN_UNUSED_VARIABLE = YES;
				IPHONEOS_DEPLOYMENT_TARGET = 12.2;
				MTL_ENABLE_DEBUG_INFO = INCLUDE_SOURCE;
				MTL_FAST_MATH = YES;
				ONLY_ACTIVE_ARCH = YES;
				SDKROOT = iphoneos;
				SWIFT_ACTIVE_COMPILATION_CONDITIONS = DEBUG;
				SWIFT_OPTIMIZATION_LEVEL = "-Onone";
			};
			name = Debug;
		};
		5C0AA6A222BD700D00BF59E8 /* Release */ = {
			isa = XCBuildConfiguration;
			buildSettings = {
				ALWAYS_SEARCH_USER_PATHS = NO;
				CLANG_ANALYZER_NONNULL = YES;
				CLANG_ANALYZER_NUMBER_OBJECT_CONVERSION = YES_AGGRESSIVE;
				CLANG_CXX_LANGUAGE_STANDARD = "gnu++14";
				CLANG_CXX_LIBRARY = "libc++";
				CLANG_ENABLE_MODULES = YES;
				CLANG_ENABLE_OBJC_ARC = YES;
				CLANG_ENABLE_OBJC_WEAK = YES;
				CLANG_WARN_BLOCK_CAPTURE_AUTORELEASING = YES;
				CLANG_WARN_BOOL_CONVERSION = YES;
				CLANG_WARN_COMMA = YES;
				CLANG_WARN_CONSTANT_CONVERSION = YES;
				CLANG_WARN_DEPRECATED_OBJC_IMPLEMENTATIONS = YES;
				CLANG_WARN_DIRECT_OBJC_ISA_USAGE = YES_ERROR;
				CLANG_WARN_DOCUMENTATION_COMMENTS = YES;
				CLANG_WARN_EMPTY_BODY = YES;
				CLANG_WARN_ENUM_CONVERSION = YES;
				CLANG_WARN_INFINITE_RECURSION = YES;
				CLANG_WARN_INT_CONVERSION = YES;
				CLANG_WARN_NON_LITERAL_NULL_CONVERSION = YES;
				CLANG_WARN_OBJC_IMPLICIT_RETAIN_SELF = YES;
				CLANG_WARN_OBJC_LITERAL_CONVERSION = YES;
				CLANG_WARN_OBJC_ROOT_CLASS = YES_ERROR;
				CLANG_WARN_RANGE_LOOP_ANALYSIS = YES;
				CLANG_WARN_STRICT_PROTOTYPES = YES;
				CLANG_WARN_SUSPICIOUS_MOVE = YES;
				CLANG_WARN_UNGUARDED_AVAILABILITY = YES_AGGRESSIVE;
				CLANG_WARN_UNREACHABLE_CODE = YES;
				CLANG_WARN__DUPLICATE_METHOD_MATCH = YES;
				CODE_SIGN_IDENTITY = "iPhone Developer";
				COPY_PHASE_STRIP = NO;
				DEBUG_INFORMATION_FORMAT = "dwarf-with-dsym";
				ENABLE_NS_ASSERTIONS = NO;
				ENABLE_STRICT_OBJC_MSGSEND = YES;
				GCC_C_LANGUAGE_STANDARD = gnu11;
				GCC_NO_COMMON_BLOCKS = YES;
				GCC_WARN_64_TO_32_BIT_CONVERSION = YES;
				GCC_WARN_ABOUT_RETURN_TYPE = YES_ERROR;
				GCC_WARN_UNDECLARED_SELECTOR = YES;
				GCC_WARN_UNINITIALIZED_AUTOS = YES_AGGRESSIVE;
				GCC_WARN_UNUSED_FUNCTION = YES;
				GCC_WARN_UNUSED_VARIABLE = YES;
				IPHONEOS_DEPLOYMENT_TARGET = 12.2;
				MTL_ENABLE_DEBUG_INFO = NO;
				MTL_FAST_MATH = YES;
				SDKROOT = iphoneos;
				SWIFT_COMPILATION_MODE = wholemodule;
				SWIFT_OPTIMIZATION_LEVEL = "-O";
				VALIDATE_PRODUCT = YES;
			};
			name = Release;
		};
		5C0AA6A422BD700D00BF59E8 /* Debug */ = {
			isa = XCBuildConfiguration;
			baseConfigurationReference = 58782B8263C7EF5A786B7152 /* Pods-AlbumTrackList.debug.xcconfig */;
			buildSettings = {
				ASSETCATALOG_COMPILER_APPICON_NAME = AppIcon;
				CODE_SIGN_STYLE = Automatic;
				DEVELOPMENT_TEAM = 8MTR5SHZFD;
				INFOPLIST_FILE = AlbumTrackList/Resources/Info.plist;
				LD_RUNPATH_SEARCH_PATHS = (
					"$(inherited)",
					"@executable_path/Frameworks",
				);
				PRODUCT_BUNDLE_IDENTIFIER = com.github.mustafaozhan.AlbumTrackList;
				PRODUCT_NAME = "$(TARGET_NAME)";
				SWIFT_VERSION = 5.0;
				TARGETED_DEVICE_FAMILY = "1,2";
			};
			name = Debug;
		};
		5C0AA6A522BD700D00BF59E8 /* Release */ = {
			isa = XCBuildConfiguration;
			baseConfigurationReference = 87A0760022BA06394B45A563 /* Pods-AlbumTrackList.release.xcconfig */;
			buildSettings = {
				ASSETCATALOG_COMPILER_APPICON_NAME = AppIcon;
				CODE_SIGN_STYLE = Automatic;
				DEVELOPMENT_TEAM = 8MTR5SHZFD;
				INFOPLIST_FILE = AlbumTrackList/Resources/Info.plist;
				LD_RUNPATH_SEARCH_PATHS = (
					"$(inherited)",
					"@executable_path/Frameworks",
				);
				PRODUCT_BUNDLE_IDENTIFIER = com.github.mustafaozhan.AlbumTrackList;
				PRODUCT_NAME = "$(TARGET_NAME)";
				SWIFT_VERSION = 5.0;
				TARGETED_DEVICE_FAMILY = "1,2";
			};
			name = Release;
		};
/* End XCBuildConfiguration section */

/* Begin XCConfigurationList section */
		5C0AA68922BD700C00BF59E8 /* Build configuration list for PBXProject "AlbumTrackList" */ = {
			isa = XCConfigurationList;
			buildConfigurations = (
				5C0AA6A122BD700D00BF59E8 /* Debug */,
				5C0AA6A222BD700D00BF59E8 /* Release */,
			);
			defaultConfigurationIsVisible = 0;
			defaultConfigurationName = Release;
		};
		5C0AA6A322BD700D00BF59E8 /* Build configuration list for PBXNativeTarget "AlbumTrackList" */ = {
			isa = XCConfigurationList;
			buildConfigurations = (
				5C0AA6A422BD700D00BF59E8 /* Debug */,
				5C0AA6A522BD700D00BF59E8 /* Release */,
			);
			defaultConfigurationIsVisible = 0;
			defaultConfigurationName = Release;
		};
/* End XCConfigurationList section */

/* Begin XCVersionGroup section */
		5C0AA69822BD700C00BF59E8 /* AlbumTrackList.xcdatamodeld */ = {
			isa = XCVersionGroup;
			children = (
				5C0AA69922BD700C00BF59E8 /* AlbumTrackList.xcdatamodel */,
			);
			currentVersion = 5C0AA69922BD700C00BF59E8 /* AlbumTrackList.xcdatamodel */;
			path = AlbumTrackList.xcdatamodeld;
			sourceTree = "<group>";
			versionGroupType = wrapper.xcdatamodel;
		};
/* End XCVersionGroup section */
	};
	rootObject = 5C0AA68622BD700C00BF59E8 /* Project object */;
}
